
Microsoft Visual Studio Solution File, Format Version 12.00
# Visual Studio Version 17
VisualStudioVersion = 17.7.34024.191
MinimumVisualStudioVersion = 10.0.40219.1
Project("{FAE04EC0-301F-11D3-BF4B-00C04F79EFBC}") = "Tarteeb.Importer", "Tarteeb.Importer\Tarteeb.Importer.csproj", "{F161F5EA-6369-47B8-82DC-2AB13F2E70CF}"
EndProject
Global
	GlobalSection(SolutionConfigurationPlatforms) = preSolution
		Debug|Any CPU = Debug|Any CPU
		Release|Any CPU = Release|Any CPU
	EndGlobalSection
	GlobalSection(ProjectConfigurationPlatforms) = postSolution
		{F161F5EA-6369-47B8-82DC-2AB13F2E70CF}.Debug|Any CPU.ActiveCfg = Debug|Any CPU
		{F161F5EA-6369-47B8-82DC-2AB13F2E70CF}.Debug|Any CPU.Build.0 = Debug|Any CPU
		{F161F5EA-6369-47B8-82DC-2AB13F2E70CF}.Release|Any CPU.ActiveCfg = Release|Any CPU
		{F161F5EA-6369-47B8-82DC-2AB13F2E70CF}.Release|Any CPU.Build.0 = Release|Any CPU
	EndGlobalSection
	GlobalSection(SolutionProperties) = preSolution
		HideSolutionNode = FALSE
	EndGlobalSection
	GlobalSection(ExtensibilityGlobals) = postSolution
		SolutionGuid = {46B1E232-AD84-4532-B6C7-D63E61701865}
	EndGlobalSection
EndGlobal
